// !$*UTF8*$!
{
	archiveVersion = 1;
	classes = {
	};
	objectVersion = 50;
	objects = {

/* Begin PBXBuildFile section */
		850F031D23CDD7780057F9C4 /* AppDelegate.swift in Sources */ = {isa = PBXBuildFile; fileRef = 850F031C23CDD7780057F9C4 /* AppDelegate.swift */; };
		850F031F23CDD7780057F9C4 /* loginViewController.swift in Sources */ = {isa = PBXBuildFile; fileRef = 850F031E23CDD7780057F9C4 /* loginViewController.swift */; };
		850F032223CDD7780057F9C4 /* Main.storyboard in Resources */ = {isa = PBXBuildFile; fileRef = 850F032023CDD7780057F9C4 /* Main.storyboard */; };
		850F032423CDD77E0057F9C4 /* Assets.xcassets in Resources */ = {isa = PBXBuildFile; fileRef = 850F032323CDD77E0057F9C4 /* Assets.xcassets */; };
		850F032723CDD77E0057F9C4 /* LaunchScreen.storyboard in Resources */ = {isa = PBXBuildFile; fileRef = 850F032523CDD77E0057F9C4 /* LaunchScreen.storyboard */; };
		850F032F23CDDB8B0057F9C4 /* Colour.xcassets in Resources */ = {isa = PBXBuildFile; fileRef = 850F032E23CDDB8A0057F9C4 /* Colour.xcassets */; };
		851BC24B23D58F98004B1E18 /* Order.swift in Sources */ = {isa = PBXBuildFile; fileRef = 851BC24A23D58F98004B1E18 /* Order.swift */; };
		851BC24D23D5B7A6004B1E18 /* orderDetailsViewController.swift in Sources */ = {isa = PBXBuildFile; fileRef = 851BC24C23D5B7A6004B1E18 /* orderDetailsViewController.swift */; };
		85A1A04823CF2EA8008F961C /* GlobalFunctions.swift in Sources */ = {isa = PBXBuildFile; fileRef = 85A1A04723CF2EA8008F961C /* GlobalFunctions.swift */; };
		85A1A04B23CF2F2A008F961C /* User.swift in Sources */ = {isa = PBXBuildFile; fileRef = 85A1A04A23CF2F2A008F961C /* User.swift */; };
		85A3EB9E23DEE9FE006DE090 /* SocketIOManager.swift in Sources */ = {isa = PBXBuildFile; fileRef = 85A3EB9D23DEE9FE006DE090 /* SocketIOManager.swift */; };
		85A3EBA023E02D43006DE090 /* LocationManager.swift in Sources */ = {isa = PBXBuildFile; fileRef = 85A3EB9F23E02D43006DE090 /* LocationManager.swift */; };
		B307ECBA30B16C1DB34CFEB6 /* Pods_foodOrderDeliveryPartnerApp.framework in Frameworks */ = {isa = PBXBuildFile; fileRef = A5A5F2607CC9CD56A6481381 /* Pods_foodOrderDeliveryPartnerApp.framework */; };
/* End PBXBuildFile section */

/* Begin PBXFileReference section */
		16681D31F9165CDBC454E415 /* Pods-foodOrderDeliveryPartnerApp.release.xcconfig */ = {isa = PBXFileReference; includeInIndex = 1; lastKnownFileType = text.xcconfig; name = "Pods-foodOrderDeliveryPartnerApp.release.xcconfig"; path = "Pods/Target Support Files/Pods-foodOrderDeliveryPartnerApp/Pods-foodOrderDeliveryPartnerApp.release.xcconfig"; sourceTree = "<group>"; };
		850F031923CDD7780057F9C4 /* foodOrderDeliveryPartnerApp.app */ = {isa = PBXFileReference; explicitFileType = wrapper.application; includeInIndex = 0; path = foodOrderDeliveryPartnerApp.app; sourceTree = BUILT_PRODUCTS_DIR; };
		850F031C23CDD7780057F9C4 /* AppDelegate.swift */ = {isa = PBXFileReference; lastKnownFileType = sourcecode.swift; path = AppDelegate.swift; sourceTree = "<group>"; };
		850F031E23CDD7780057F9C4 /* loginViewController.swift */ = {isa = PBXFileReference; lastKnownFileType = sourcecode.swift; path = loginViewController.swift; sourceTree = "<group>"; };
		850F032123CDD7780057F9C4 /* Base */ = {isa = PBXFileReference; lastKnownFileType = file.storyboard; name = Base; path = Base.lproj/Main.storyboard; sourceTree = "<group>"; };
		850F032323CDD77E0057F9C4 /* Assets.xcassets */ = {isa = PBXFileReference; lastKnownFileType = folder.assetcatalog; path = Assets.xcassets; sourceTree = "<group>"; };
		850F032623CDD77E0057F9C4 /* Base */ = {isa = PBXFileReference; lastKnownFileType = file.storyboard; name = Base; path = Base.lproj/LaunchScreen.storyboard; sourceTree = "<group>"; };
		850F032823CDD77E0057F9C4 /* Info.plist */ = {isa = PBXFileReference; lastKnownFileType = text.plist.xml; path = Info.plist; sourceTree = "<group>"; };
		850F032E23CDDB8A0057F9C4 /* Colour.xcassets */ = {isa = PBXFileReference; lastKnownFileType = folder.assetcatalog; path = Colour.xcassets; sourceTree = "<group>"; };
		851BC24A23D58F98004B1E18 /* Order.swift */ = {isa = PBXFileReference; lastKnownFileType = sourcecode.swift; path = Order.swift; sourceTree = "<group>"; };
		851BC24C23D5B7A6004B1E18 /* orderDetailsViewController.swift */ = {isa = PBXFileReference; lastKnownFileType = sourcecode.swift; path = orderDetailsViewController.swift; sourceTree = "<group>"; };
		85A1A04723CF2EA8008F961C /* GlobalFunctions.swift */ = {isa = PBXFileReference; lastKnownFileType = sourcecode.swift; path = GlobalFunctions.swift; sourceTree = "<group>"; };
		85A1A04A23CF2F2A008F961C /* User.swift */ = {isa = PBXFileReference; lastKnownFileType = sourcecode.swift; path = User.swift; sourceTree = "<group>"; };
		85A3EB9D23DEE9FE006DE090 /* SocketIOManager.swift */ = {isa = PBXFileReference; lastKnownFileType = sourcecode.swift; path = SocketIOManager.swift; sourceTree = "<group>"; };
		85A3EB9F23E02D43006DE090 /* LocationManager.swift */ = {isa = PBXFileReference; lastKnownFileType = sourcecode.swift; path = LocationManager.swift; sourceTree = "<group>"; };
		A5A5F2607CC9CD56A6481381 /* Pods_foodOrderDeliveryPartnerApp.framework */ = {isa = PBXFileReference; explicitFileType = wrapper.framework; includeInIndex = 0; path = Pods_foodOrderDeliveryPartnerApp.framework; sourceTree = BUILT_PRODUCTS_DIR; };
		A94AF251CB1544CA682D2E47 /* Pods-foodOrderDeliveryPartnerApp.debug.xcconfig */ = {isa = PBXFileReference; includeInIndex = 1; lastKnownFileType = text.xcconfig; name = "Pods-foodOrderDeliveryPartnerApp.debug.xcconfig"; path = "Pods/Target Support Files/Pods-foodOrderDeliveryPartnerApp/Pods-foodOrderDeliveryPartnerApp.debug.xcconfig"; sourceTree = "<group>"; };
/* End PBXFileReference section */

/* Begin PBXFrameworksBuildPhase section */
		850F031623CDD7780057F9C4 /* Frameworks */ = {
			isa = PBXFrameworksBuildPhase;
			buildActionMask = 2147483647;
			files = (
				B307ECBA30B16C1DB34CFEB6 /* Pods_foodOrderDeliveryPartnerApp.framework in Frameworks */,
			);
			runOnlyForDeploymentPostprocessing = 0;
		};
/* End PBXFrameworksBuildPhase section */

/* Begin PBXGroup section */
		81737D4E1DFB54269F17FD8C /* Pods */ = {
			isa = PBXGroup;
			children = (
				A94AF251CB1544CA682D2E47 /* Pods-foodOrderDeliveryPartnerApp.debug.xcconfig */,
				16681D31F9165CDBC454E415 /* Pods-foodOrderDeliveryPartnerApp.release.xcconfig */,
			);
			name = Pods;
			sourceTree = "<group>";
		};
		850F031023CDD7780057F9C4 = {
			isa = PBXGroup;
			children = (
				850F031B23CDD7780057F9C4 /* foodOrderDeliveryPartnerApp */,
				850F031A23CDD7780057F9C4 /* Products */,
				81737D4E1DFB54269F17FD8C /* Pods */,
				BC9F774216FB057C4F3E45BB /* Frameworks */,
			);
			sourceTree = "<group>";
		};
		850F031A23CDD7780057F9C4 /* Products */ = {
			isa = PBXGroup;
			children = (
				850F031923CDD7780057F9C4 /* foodOrderDeliveryPartnerApp.app */,
			);
			name = Products;
			sourceTree = "<group>";
		};
		850F031B23CDD7780057F9C4 /* foodOrderDeliveryPartnerApp */ = {
			isa = PBXGroup;
			children = (
				85A1A04923CF2F01008F961C /* Model */,
				85A1A04623CF2E94008F961C /* Global */,
				85A1A04323CF2D70008F961C /* Controller */,
				850F031C23CDD7780057F9C4 /* AppDelegate.swift */,
				850F032023CDD7780057F9C4 /* Main.storyboard */,
				850F032323CDD77E0057F9C4 /* Assets.xcassets */,
				850F032E23CDDB8A0057F9C4 /* Colour.xcassets */,
				850F032523CDD77E0057F9C4 /* LaunchScreen.storyboard */,
				850F032823CDD77E0057F9C4 /* Info.plist */,
				85A3EB9D23DEE9FE006DE090 /* SocketIOManager.swift */,
				85A3EB9F23E02D43006DE090 /* LocationManager.swift */,
			);
			path = foodOrderDeliveryPartnerApp;
			sourceTree = "<group>";
		};
		85A1A04323CF2D70008F961C /* Controller */ = {
			isa = PBXGroup;
			children = (
				850F031E23CDD7780057F9C4 /* loginViewController.swift */,
				851BC24C23D5B7A6004B1E18 /* orderDetailsViewController.swift */,
			);
			path = Controller;
			sourceTree = "<group>";
		};
		85A1A04623CF2E94008F961C /* Global */ = {
			isa = PBXGroup;
			children = (
				85A1A04723CF2EA8008F961C /* GlobalFunctions.swift */,
			);
			path = Global;
			sourceTree = "<group>";
		};
		85A1A04923CF2F01008F961C /* Model */ = {
			isa = PBXGroup;
			children = (
				85A1A04A23CF2F2A008F961C /* User.swift */,
				851BC24A23D58F98004B1E18 /* Order.swift */,
			);
			path = Model;
			sourceTree = "<group>";
		};
		BC9F774216FB057C4F3E45BB /* Frameworks */ = {
			isa = PBXGroup;
			children = (
				A5A5F2607CC9CD56A6481381 /* Pods_foodOrderDeliveryPartnerApp.framework */,
			);
			name = Frameworks;
			sourceTree = "<group>";
		};
/* End PBXGroup section */

/* Begin PBXNativeTarget section */
		850F031823CDD7780057F9C4 /* foodOrderDeliveryPartnerApp */ = {
			isa = PBXNativeTarget;
			buildConfigurationList = 850F032B23CDD77E0057F9C4 /* Build configuration list for PBXNativeTarget "foodOrderDeliveryPartnerApp" */;
			buildPhases = (
				A901F131CE160702575D0824 /* [CP] Check Pods Manifest.lock */,
				850F031523CDD7780057F9C4 /* Sources */,
				850F031623CDD7780057F9C4 /* Frameworks */,
				850F031723CDD7780057F9C4 /* Resources */,
				07B8D444309584DAB53B44B4 /* [CP] Embed Pods Frameworks */,
			);
			buildRules = (
			);
			dependencies = (
			);
			name = foodOrderDeliveryPartnerApp;
			productName = foodOrderDeliveryPartnerApp;
			productReference = 850F031923CDD7780057F9C4 /* foodOrderDeliveryPartnerApp.app */;
			productType = "com.apple.product-type.application";
		};
/* End PBXNativeTarget section */

/* Begin PBXProject section */
		850F031123CDD7780057F9C4 /* Project object */ = {
			isa = PBXProject;
			attributes = {
				LastSwiftUpdateCheck = 1020;
				LastUpgradeCheck = 1020;
				ORGANIZATIONNAME = Sujata;
				TargetAttributes = {
					850F031823CDD7780057F9C4 = {
						CreatedOnToolsVersion = 10.2.1;
					};
				};
			};
			buildConfigurationList = 850F031423CDD7780057F9C4 /* Build configuration list for PBXProject "foodOrderDeliveryPartnerApp" */;
			compatibilityVersion = "Xcode 9.3";
			developmentRegion = en;
			hasScannedForEncodings = 0;
			knownRegions = (
				en,
				Base,
			);
			mainGroup = 850F031023CDD7780057F9C4;
			productRefGroup = 850F031A23CDD7780057F9C4 /* Products */;
			projectDirPath = "";
			projectRoot = "";
			targets = (
				850F031823CDD7780057F9C4 /* foodOrderDeliveryPartnerApp */,
			);
		};
/* End PBXProject section */

/* Begin PBXResourcesBuildPhase section */
		850F031723CDD7780057F9C4 /* Resources */ = {
			isa = PBXResourcesBuildPhase;
			buildActionMask = 2147483647;
			files = (
				850F032723CDD77E0057F9C4 /* LaunchScreen.storyboard in Resources */,
				850F032423CDD77E0057F9C4 /* Assets.xcassets in Resources */,
				850F032223CDD7780057F9C4 /* Main.storyboard in Resources */,
				850F032F23CDDB8B0057F9C4 /* Colour.xcassets in Resources */,
			);
			runOnlyForDeploymentPostprocessing = 0;
		};
/* End PBXResourcesBuildPhase section */

/* Begin PBXShellScriptBuildPhase section */
		07B8D444309584DAB53B44B4 /* [CP] Embed Pods Frameworks */ = {
			isa = PBXShellScriptBuildPhase;
			buildActionMask = 2147483647;
			files = (
			);
			inputPaths = (
				"${SRCROOT}/Pods/Target Support Files/Pods-foodOrderDeliveryPartnerApp/Pods-foodOrderDeliveryPartnerApp-frameworks.sh",
				"${BUILT_PRODUCTS_DIR}/Socket.IO-Client-Swift/SocketIO.framework",
				"${BUILT_PRODUCTS_DIR}/Starscream/Starscream.framework",
			);
			name = "[CP] Embed Pods Frameworks";
			outputPaths = (
				"${TARGET_BUILD_DIR}/${FRAMEWORKS_FOLDER_PATH}/SocketIO.framework",
				"${TARGET_BUILD_DIR}/${FRAMEWORKS_FOLDER_PATH}/Starscream.framework",
			);
			runOnlyForDeploymentPostprocessing = 0;
			shellPath = /bin/sh;
			shellScript = "\"${SRCROOT}/Pods/Target Support Files/Pods-foodOrderDeliveryPartnerApp/Pods-foodOrderDeliveryPartnerApp-frameworks.sh\"\n";
			showEnvVarsInLog = 0;
		};
		A901F131CE160702575D0824 /* [CP] Check Pods Manifest.lock */ = {
			isa = PBXShellScriptBuildPhase;
			buildActionMask = 2147483647;
			files = (
			);
			inputPaths = (
				"${PODS_PODFILE_DIR_PATH}/Podfile.lock",
				"${PODS_ROOT}/Manifest.lock",
			);
			name = "[CP] Check Pods Manifest.lock";
			outputPaths = (
				"$(DERIVED_FILE_DIR)/Pods-foodOrderDeliveryPartnerApp-checkManifestLockResult.txt",
			);
			runOnlyForDeploymentPostprocessing = 0;
			shellPath = /bin/sh;
			shellScript = "diff \"${PODS_PODFILE_DIR_PATH}/Podfile.lock\" \"${PODS_ROOT}/Manifest.lock\" > /dev/null\nif [ $? != 0 ] ; then\n    # print error to STDERR\n    echo \"error: The sandbox is not in sync with the Podfile.lock. Run 'pod install' or update your CocoaPods installation.\" >&2\n    exit 1\nfi\n# This output is used by Xcode 'outputs' to avoid re-running this script phase.\necho \"SUCCESS\" > \"${SCRIPT_OUTPUT_FILE_0}\"\n";
			showEnvVarsInLog = 0;
		};
/* End PBXShellScriptBuildPhase section */

/* Begin PBXSourcesBuildPhase section */
		850F031523CDD7780057F9C4 /* Sources */ = {
			isa = PBXSourcesBuildPhase;
			buildActionMask = 2147483647;
			files = (
				851BC24B23D58F98004B1E18 /* Order.swift in Sources */,
				850F031F23CDD7780057F9C4 /* loginViewController.swift in Sources */,
				850F031D23CDD7780057F9C4 /* AppDelegate.swift in Sources */,
				85A3EB9E23DEE9FE006DE090 /* SocketIOManager.swift in Sources */,
				85A3EBA023E02D43006DE090 /* LocationManager.swift in Sources */,
				85A1A04823CF2EA8008F961C /* GlobalFunctions.swift in Sources */,
				851BC24D23D5B7A6004B1E18 /* orderDetailsViewController.swift in Sources */,
				85A1A04B23CF2F2A008F961C /* User.swift in Sources */,
			);
			runOnlyForDeploymentPostprocessing = 0;
		};
/* End PBXSourcesBuildPhase section */

/* Begin PBXVariantGroup section */
		850F032023CDD7780057F9C4 /* Main.storyboard */ = {
			isa = PBXVariantGroup;
			children = (
				850F032123CDD7780057F9C4 /* Base */,
			);
			name = Main.storyboard;
			sourceTree = "<group>";
		};
		850F032523CDD77E0057F9C4 /* LaunchScreen.storyboard */ = {
			isa = PBXVariantGroup;
			children = (
				850F032623CDD77E0057F9C4 /* Base */,
			);
			name = LaunchScreen.storyboard;
			sourceTree = "<group>";
		};
/* End PBXVariantGroup section */

/* Begin XCBuildConfiguration section */
		850F032923CDD77E0057F9C4 /* Debug */ = {
			isa = XCBuildConfiguration;
			buildSettings = {
				ALWAYS_SEARCH_USER_PATHS = NO;
				CLANG_ANALYZER_NONNULL = YES;
				CLANG_ANALYZER_NUMBER_OBJECT_CONVERSION = YES_AGGRESSIVE;
				CLANG_CXX_LANGUAGE_STANDARD = "gnu++14";
				CLANG_CXX_LIBRARY = "libc++";
				CLANG_ENABLE_MODULES = YES;
				CLANG_ENABLE_OBJC_ARC = YES;
				CLANG_ENABLE_OBJC_WEAK = YES;
				CLANG_WARN_BLOCK_CAPTURE_AUTORELEASING = YES;
				CLANG_WARN_BOOL_CONVERSION = YES;
				CLANG_WARN_COMMA = YES;
				CLANG_WARN_CONSTANT_CONVERSION = YES;
				CLANG_WARN_DEPRECATED_OBJC_IMPLEMENTATIONS = YES;
				CLANG_WARN_DIRECT_OBJC_ISA_USAGE = YES_ERROR;
				CLANG_WARN_DOCUMENTATION_COMMENTS = YES;
				CLANG_WARN_EMPTY_BODY = YES;
				CLANG_WARN_ENUM_CONVERSION = YES;
				CLANG_WARN_INFINITE_RECURSION = YES;
				CLANG_WARN_INT_CONVERSION = YES;
				CLANG_WARN_NON_LITERAL_NULL_CONVERSION = YES;
				CLANG_WARN_OBJC_IMPLICIT_RETAIN_SELF = YES;
				CLANG_WARN_OBJC_LITERAL_CONVERSION = YES;
				CLANG_WARN_OBJC_ROOT_CLASS = YES_ERROR;
				CLANG_WARN_RANGE_LOOP_ANALYSIS = YES;
				CLANG_WARN_STRICT_PROTOTYPES = YES;
				CLANG_WARN_SUSPICIOUS_MOVE = YES;
				CLANG_WARN_UNGUARDED_AVAILABILITY = YES_AGGRESSIVE;
				CLANG_WARN_UNREACHABLE_CODE = YES;
				CLANG_WARN__DUPLICATE_METHOD_MATCH = YES;
				CODE_SIGN_IDENTITY = "iPhone Developer";
				COPY_PHASE_STRIP = NO;
				DEBUG_INFORMATION_FORMAT = dwarf;
				ENABLE_STRICT_OBJC_MSGSEND = YES;
				ENABLE_TESTABILITY = YES;
				GCC_C_LANGUAGE_STANDARD = gnu11;
				GCC_DYNAMIC_NO_PIC = NO;
				GCC_NO_COMMON_BLOCKS = YES;
				GCC_OPTIMIZATION_LEVEL = 0;
				GCC_PREPROCESSOR_DEFINITIONS = (
					"DEBUG=1",
					"$(inherited)",
				);
				GCC_WARN_64_TO_32_BIT_CONVERSION = YES;
				GCC_WARN_ABOUT_RETURN_TYPE = YES_ERROR;
				GCC_WARN_UNDECLARED_SELECTOR = YES;
				GCC_WARN_UNINITIALIZED_AUTOS = YES_AGGRESSIVE;
				GCC_WARN_UNUSED_FUNCTION = YES;
				GCC_WARN_UNUSED_VARIABLE = YES;
				IPHONEOS_DEPLOYMENT_TARGET = 12.2;
				MTL_ENABLE_DEBUG_INFO = INCLUDE_SOURCE;
				MTL_FAST_MATH = YES;
				ONLY_ACTIVE_ARCH = YES;
				SDKROOT = iphoneos;
				SWIFT_ACTIVE_COMPILATION_CONDITIONS = DEBUG;
				SWIFT_OPTIMIZATION_LEVEL = "-Onone";
			};
			name = Debug;
		};
		850F032A23CDD77E0057F9C4 /* Release */ = {
			isa = XCBuildConfiguration;
			buildSettings = {
				ALWAYS_SEARCH_USER_PATHS = NO;
				CLANG_ANALYZER_NONNULL = YES;
				CLANG_ANALYZER_NUMBER_OBJECT_CONVERSION = YES_AGGRESSIVE;
				CLANG_CXX_LANGUAGE_STANDARD = "gnu++14";
				CLANG_CXX_LIBRARY = "libc++";
				CLANG_ENABLE_MODULES = YES;
				CLANG_ENABLE_OBJC_ARC = YES;
				CLANG_ENABLE_OBJC_WEAK = YES;
				CLANG_WARN_BLOCK_CAPTURE_AUTORELEASING = YES;
				CLANG_WARN_BOOL_CONVERSION = YES;
				CLANG_WARN_COMMA = YES;
				CLANG_WARN_CONSTANT_CONVERSION = YES;
				CLANG_WARN_DEPRECATED_OBJC_IMPLEMENTATIONS = YES;
				CLANG_WARN_DIRECT_OBJC_ISA_USAGE = YES_ERROR;
				CLANG_WARN_DOCUMENTATION_COMMENTS = YES;
				CLANG_WARN_EMPTY_BODY = YES;
				CLANG_WARN_ENUM_CONVERSION = YES;
				CLANG_WARN_INFINITE_RECURSION = YES;
				CLANG_WARN_INT_CONVERSION = YES;
				CLANG_WARN_NON_LITERAL_NULL_CONVERSION = YES;
				CLANG_WARN_OBJC_IMPLICIT_RETAIN_SELF = YES;
				CLANG_WARN_OBJC_LITERAL_CONVERSION = YES;
				CLANG_WARN_OBJC_ROOT_CLASS = YES_ERROR;
				CLANG_WARN_RANGE_LOOP_ANALYSIS = YES;
				CLANG_WARN_STRICT_PROTOTYPES = YES;
				CLANG_WARN_SUSPICIOUS_MOVE = YES;
				CLANG_WARN_UNGUARDED_AVAILABILITY = YES_AGGRESSIVE;
				CLANG_WARN_UNREACHABLE_CODE = YES;
				CLANG_WARN__DUPLICATE_METHOD_MATCH = YES;
				CODE_SIGN_IDENTITY = "iPhone Developer";
				COPY_PHASE_STRIP = NO;
				DEBUG_INFORMATION_FORMAT = "dwarf-with-dsym";
				ENABLE_NS_ASSERTIONS = NO;
				ENABLE_STRICT_OBJC_MSGSEND = YES;
				GCC_C_LANGUAGE_STANDARD = gnu11;
				GCC_NO_COMMON_BLOCKS = YES;
				GCC_WARN_64_TO_32_BIT_CONVERSION = YES;
				GCC_WARN_ABOUT_RETURN_TYPE = YES_ERROR;
				GCC_WARN_UNDECLARED_SELECTOR = YES;
				GCC_WARN_UNINITIALIZED_AUTOS = YES_AGGRESSIVE;
				GCC_WARN_UNUSED_FUNCTION = YES;
				GCC_WARN_UNUSED_VARIABLE = YES;
				IPHONEOS_DEPLOYMENT_TARGET = 12.2;
				MTL_ENABLE_DEBUG_INFO = NO;
				MTL_FAST_MATH = YES;
				SDKROOT = iphoneos;
				SWIFT_COMPILATION_MODE = wholemodule;
				SWIFT_OPTIMIZATION_LEVEL = "-O";
				VALIDATE_PRODUCT = YES;
			};
			name = Release;
		};
		850F032C23CDD77E0057F9C4 /* Debug */ = {
			isa = XCBuildConfiguration;
			baseConfigurationReference = A94AF251CB1544CA682D2E47 /* Pods-foodOrderDeliveryPartnerApp.debug.xcconfig */;
			buildSettings = {
				ASSETCATALOG_COMPILER_APPICON_NAME = AppIcon;
				CODE_SIGN_STYLE = Automatic;
				DEVELOPMENT_TEAM = T2V9TMD8BP;
				INFOPLIST_FILE = foodOrderDeliveryPartnerApp/Info.plist;
				LD_RUNPATH_SEARCH_PATHS = (
					"$(inherited)",
					"@executable_path/Frameworks",
				);
				PRODUCT_BUNDLE_IDENTIFIER = Sujata.foodOrderDeliveryPartnerApp;
				PRODUCT_NAME = "$(TARGET_NAME)";
				SWIFT_VERSION = 5.0;
				TARGETED_DEVICE_FAMILY = "1,2";
			};
			name = Debug;
		};
		850F032D23CDD77E0057F9C4 /* Release */ = {
			isa = XCBuildConfiguration;
			baseConfigurationReference = 16681D31F9165CDBC454E415 /* Pods-foodOrderDeliveryPartnerApp.release.xcconfig */;
			buildSettings = {
				ASSETCATALOG_COMPILER_APPICON_NAME = AppIcon;
				CODE_SIGN_STYLE = Automatic;
				DEVELOPMENT_TEAM = T2V9TMD8BP;
				INFOPLIST_FILE = foodOrderDeliveryPartnerApp/Info.plist;
				LD_RUNPATH_SEARCH_PATHS = (
					"$(inherited)",
					"@executable_path/Frameworks",
				);
				PRODUCT_BUNDLE_IDENTIFIER = Sujata.foodOrderDeliveryPartnerApp;
				PRODUCT_NAME = "$(TARGET_NAME)";
				SWIFT_VERSION = 5.0;
				TARGETED_DEVICE_FAMILY = "1,2";
			};
			name = Release;
		};
/* End XCBuildConfiguration section */

/* Begin XCConfigurationList section */
		850F031423CDD7780057F9C4 /* Build configuration list for PBXProject "foodOrderDeliveryPartnerApp" */ = {
			isa = XCConfigurationList;
			buildConfigurations = (
				850F032923CDD77E0057F9C4 /* Debug */,
				850F032A23CDD77E0057F9C4 /* Release */,
			);
			defaultConfigurationIsVisible = 0;
			defaultConfigurationName = Release;
		};
		850F032B23CDD77E0057F9C4 /* Build configuration list for PBXNativeTarget "foodOrderDeliveryPartnerApp" */ = {
			isa = XCConfigurationList;
			buildConfigurations = (
				850F032C23CDD77E0057F9C4 /* Debug */,
				850F032D23CDD77E0057F9C4 /* Release */,
			);
			defaultConfigurationIsVisible = 0;
			defaultConfigurationName = Release;
		};
/* End XCConfigurationList section */
	};
	rootObject = 850F031123CDD7780057F9C4 /* Project object */;
}
